
Microsoft Visual Studio Solution File, Format Version 12.00
# Visual Studio Version 17
VisualStudioVersion = 17.5.33516.290
MinimumVisualStudioVersion = 10.0.40219.1
Project("{FAE04EC0-301F-11D3-BF4B-00C04F79EFBC}") = "QLGara", "QLGara\QLGara.csproj", "{8946E669-4D24-4DDE-AAAC-7AACC7298229}"
EndProject
Global
	GlobalSection(SolutionConfigurationPlatforms) = preSolution
		Debug|Any CPU = Debug|Any CPU
		Release|Any CPU = Release|Any CPU
	EndGlobalSection
	GlobalSection(ProjectConfigurationPlatforms) = postSolution
		{8946E669-4D24-4DDE-AAAC-7AACC7298229}.Debug|Any CPU.ActiveCfg = Debug|Any CPU
		{8946E669-4D24-4DDE-AAAC-7AACC7298229}.Debug|Any CPU.Build.0 = Debug|Any CPU
		{8946E669-4D24-4DDE-AAAC-7AACC7298229}.Release|Any CPU.ActiveCfg = Release|Any CPU
		{8946E669-4D24-4DDE-AAAC-7AACC7298229}.Release|Any CPU.Build.0 = Release|Any CPU
	EndGlobalSection
	GlobalSection(SolutionProperties) = preSolution
		HideSolutionNode = FALSE
	EndGlobalSection
	GlobalSection(ExtensibilityGlobals) = postSolution
		SolutionGuid = {E6E8D1EA-5B7D-4F8D-B9E4-0FFC7B30F635}
	EndGlobalSection
EndGlobal
